
Microsoft Visual Studio Solution File, Format Version 12.00
# Visual Studio Version 17
VisualStudioVersion = 17.0.31903.59
MinimumVisualStudioVersion = 10.0.40219.1
Project("{2150E333-8FDC-42A3-9474-1A3956D46DE8}") = "src", "src", "{827E0CD3-B72D-47B6-A68D-7590B98EB39B}"
EndProject
Project("{FAE04EC0-301F-11D3-BF4B-00C04F79EFBC}") = "WebApi", "src\WebApi\WebApi.csproj", "{09246DF9-09D0-46F1-834A-18E51D0183A8}"
EndProject
Project("{FAE04EC0-301F-11D3-BF4B-00C04F79EFBC}") = "Application", "src\Application\Application.csproj", "{A525A58F-BD5E-4F0C-8A07-6E1A825496C3}"
EndProject
Project("{FAE04EC0-301F-11D3-BF4B-00C04F79EFBC}") = "Domain", "src\Domain\Domain.csproj", "{046F76DA-3515-4E18-86A5-4ECCE1C3CC1F}"
EndProject
Project("{FAE04EC0-301F-11D3-BF4B-00C04F79EFBC}") = "Infrastructure", "src\Infrastructure\Infrastructure.csproj", "{6E5B43B6-A010-460B-9866-F9338195ECD3}"
EndProject
Project("{2150E333-8FDC-42A3-9474-1A3956D46DE8}") = "tests", "tests", "{0AB3BF05-4346-4AA6-1389-037BE0695223}"
EndProject
Project("{FAE04EC0-301F-11D3-BF4B-00C04F79EFBC}") = "Application.Tests", "tests\Application.Tests\Application.Tests.csproj", "{DEDC5A42-EB99-4EE3-B2E7-2167D9A99A85}"
EndProject
Project("{FAE04EC0-301F-11D3-BF4B-00C04F79EFBC}") = "Domain.Tests", "tests\Domain.Tests\Domain.Tests.csproj", "{CB2E2395-F56D-4712-BF67-E4AF7706177D}"
EndProject
Project("{FAE04EC0-301F-11D3-BF4B-00C04F79EFBC}") = "WebApi.Tests", "tests\WebApi.Tests\WebApi.Tests.csproj", "{1602606F-E956-4A8E-BB01-C4E9BB95E797}"
EndProject
Global
	GlobalSection(SolutionConfigurationPlatforms) = preSolution
		Debug|Any CPU = Debug|Any CPU
		Debug|x64 = Debug|x64
		Debug|x86 = Debug|x86
		Release|Any CPU = Release|Any CPU
		Release|x64 = Release|x64
		Release|x86 = Release|x86
	EndGlobalSection
	GlobalSection(ProjectConfigurationPlatforms) = postSolution
		{09246DF9-09D0-46F1-834A-18E51D0183A8}.Debug|Any CPU.ActiveCfg = Debug|Any CPU
		{09246DF9-09D0-46F1-834A-18E51D0183A8}.Debug|Any CPU.Build.0 = Debug|Any CPU
		{09246DF9-09D0-46F1-834A-18E51D0183A8}.Debug|x64.ActiveCfg = Debug|Any CPU
		{09246DF9-09D0-46F1-834A-18E51D0183A8}.Debug|x64.Build.0 = Debug|Any CPU
		{09246DF9-09D0-46F1-834A-18E51D0183A8}.Debug|x86.ActiveCfg = Debug|Any CPU
		{09246DF9-09D0-46F1-834A-18E51D0183A8}.Debug|x86.Build.0 = Debug|Any CPU
		{09246DF9-09D0-46F1-834A-18E51D0183A8}.Release|Any CPU.ActiveCfg = Release|Any CPU
		{09246DF9-09D0-46F1-834A-18E51D0183A8}.Release|Any CPU.Build.0 = Release|Any CPU
		{09246DF9-09D0-46F1-834A-18E51D0183A8}.Release|x64.ActiveCfg = Release|Any CPU
		{09246DF9-09D0-46F1-834A-18E51D0183A8}.Release|x64.Build.0 = Release|Any CPU
		{09246DF9-09D0-46F1-834A-18E51D0183A8}.Release|x86.ActiveCfg = Release|Any CPU
		{09246DF9-09D0-46F1-834A-18E51D0183A8}.Release|x86.Build.0 = Release|Any CPU
		{A525A58F-BD5E-4F0C-8A07-6E1A825496C3}.Debug|Any CPU.ActiveCfg = Debug|Any CPU
		{A525A58F-BD5E-4F0C-8A07-6E1A825496C3}.Debug|Any CPU.Build.0 = Debug|Any CPU
		{A525A58F-BD5E-4F0C-8A07-6E1A825496C3}.Debug|x64.ActiveCfg = Debug|Any CPU
		{A525A58F-BD5E-4F0C-8A07-6E1A825496C3}.Debug|x64.Build.0 = Debug|Any CPU
		{A525A58F-BD5E-4F0C-8A07-6E1A825496C3}.Debug|x86.ActiveCfg = Debug|Any CPU
		{A525A58F-BD5E-4F0C-8A07-6E1A825496C3}.Debug|x86.Build.0 = Debug|Any CPU
		{A525A58F-BD5E-4F0C-8A07-6E1A825496C3}.Release|Any CPU.ActiveCfg = Release|Any CPU
		{A525A58F-BD5E-4F0C-8A07-6E1A825496C3}.Release|Any CPU.Build.0 = Release|Any CPU
		{A525A58F-BD5E-4F0C-8A07-6E1A825496C3}.Release|x64.ActiveCfg = Release|Any CPU
		{A525A58F-BD5E-4F0C-8A07-6E1A825496C3}.Release|x64.Build.0 = Release|Any CPU
		{A525A58F-BD5E-4F0C-8A07-6E1A825496C3}.Release|x86.ActiveCfg = Release|Any CPU
		{A525A58F-BD5E-4F0C-8A07-6E1A825496C3}.Release|x86.Build.0 = Release|Any CPU
		{046F76DA-3515-4E18-86A5-4ECCE1C3CC1F}.Debug|Any CPU.ActiveCfg = Debug|Any CPU
		{046F76DA-3515-4E18-86A5-4ECCE1C3CC1F}.Debug|Any CPU.Build.0 = Debug|Any CPU
		{046F76DA-3515-4E18-86A5-4ECCE1C3CC1F}.Debug|x64.ActiveCfg = Debug|Any CPU
		{046F76DA-3515-4E18-86A5-4ECCE1C3CC1F}.Debug|x64.Build.0 = Debug|Any CPU
		{046F76DA-3515-4E18-86A5-4ECCE1C3CC1F}.Debug|x86.ActiveCfg = Debug|Any CPU
		{046F76DA-3515-4E18-86A5-4ECCE1C3CC1F}.Debug|x86.Build.0 = Debug|Any CPU
		{046F76DA-3515-4E18-86A5-4ECCE1C3CC1F}.Release|Any CPU.ActiveCfg = Release|Any CPU
		{046F76DA-3515-4E18-86A5-4ECCE1C3CC1F}.Release|Any CPU.Build.0 = Release|Any CPU
		{046F76DA-3515-4E18-86A5-4ECCE1C3CC1F}.Release|x64.ActiveCfg = Release|Any CPU
		{046F76DA-3515-4E18-86A5-4ECCE1C3CC1F}.Release|x64.Build.0 = Release|Any CPU
		{046F76DA-3515-4E18-86A5-4ECCE1C3CC1F}.Release|x86.ActiveCfg = Release|Any CPU
		{046F76DA-3515-4E18-86A5-4ECCE1C3CC1F}.Release|x86.Build.0 = Release|Any CPU
		{6E5B43B6-A010-460B-9866-F9338195ECD3}.Debug|Any CPU.ActiveCfg = Debug|Any CPU
		{6E5B43B6-A010-460B-9866-F9338195ECD3}.Debug|Any CPU.Build.0 = Debug|Any CPU
		{6E5B43B6-A010-460B-9866-F9338195ECD3}.Debug|x64.ActiveCfg = Debug|Any CPU
		{6E5B43B6-A010-460B-9866-F9338195ECD3}.Debug|x64.Build.0 = Debug|Any CPU
		{6E5B43B6-A010-460B-9866-F9338195ECD3}.Debug|x86.ActiveCfg = Debug|Any CPU
		{6E5B43B6-A010-460B-9866-F9338195ECD3}.Debug|x86.Build.0 = Debug|Any CPU
		{6E5B43B6-A010-460B-9866-F9338195ECD3}.Release|Any CPU.ActiveCfg = Release|Any CPU
		{6E5B43B6-A010-460B-9866-F9338195ECD3}.Release|Any CPU.Build.0 = Release|Any CPU
		{6E5B43B6-A010-460B-9866-F9338195ECD3}.Release|x64.ActiveCfg = Release|Any CPU
		{6E5B43B6-A010-460B-9866-F9338195ECD3}.Release|x64.Build.0 = Release|Any CPU
		{6E5B43B6-A010-460B-9866-F9338195ECD3}.Release|x86.ActiveCfg = Release|Any CPU
		{6E5B43B6-A010-460B-9866-F9338195ECD3}.Release|x86.Build.0 = Release|Any CPU
		{DEDC5A42-EB99-4EE3-B2E7-2167D9A99A85}.Debug|Any CPU.ActiveCfg = Debug|Any CPU
		{DEDC5A42-EB99-4EE3-B2E7-2167D9A99A85}.Debug|Any CPU.Build.0 = Debug|Any CPU
		{DEDC5A42-EB99-4EE3-B2E7-2167D9A99A85}.Debug|x64.ActiveCfg = Debug|Any CPU
		{DEDC5A42-EB99-4EE3-B2E7-2167D9A99A85}.Debug|x64.Build.0 = Debug|Any CPU
		{DEDC5A42-EB99-4EE3-B2E7-2167D9A99A85}.Debug|x86.ActiveCfg = Debug|Any CPU
		{DEDC5A42-EB99-4EE3-B2E7-2167D9A99A85}.Debug|x86.Build.0 = Debug|Any CPU
		{DEDC5A42-EB99-4EE3-B2E7-2167D9A99A85}.Release|Any CPU.ActiveCfg = Release|Any CPU
		{DEDC5A42-EB99-4EE3-B2E7-2167D9A99A85}.Release|Any CPU.Build.0 = Release|Any CPU
		{DEDC5A42-EB99-4EE3-B2E7-2167D9A99A85}.Release|x64.ActiveCfg = Release|Any CPU
		{DEDC5A42-EB99-4EE3-B2E7-2167D9A99A85}.Release|x64.Build.0 = Release|Any CPU
		{DEDC5A42-EB99-4EE3-B2E7-2167D9A99A85}.Release|x86.ActiveCfg = Release|Any CPU
		{DEDC5A42-EB99-4EE3-B2E7-2167D9A99A85}.Release|x86.Build.0 = Release|Any CPU
		{CB2E2395-F56D-4712-BF67-E4AF7706177D}.Debug|Any CPU.ActiveCfg = Debug|Any CPU
		{CB2E2395-F56D-4712-BF67-E4AF7706177D}.Debug|Any CPU.Build.0 = Debug|Any CPU
		{CB2E2395-F56D-4712-BF67-E4AF7706177D}.Debug|x64.ActiveCfg = Debug|Any CPU
		{CB2E2395-F56D-4712-BF67-E4AF7706177D}.Debug|x64.Build.0 = Debug|Any CPU
		{CB2E2395-F56D-4712-BF67-E4AF7706177D}.Debug|x86.ActiveCfg = Debug|Any CPU
		{CB2E2395-F56D-4712-BF67-E4AF7706177D}.Debug|x86.Build.0 = Debug|Any CPU
		{CB2E2395-F56D-4712-BF67-E4AF7706177D}.Release|Any CPU.ActiveCfg = Release|Any CPU
		{CB2E2395-F56D-4712-BF67-E4AF7706177D}.Release|Any CPU.Build.0 = Release|Any CPU
		{CB2E2395-F56D-4712-BF67-E4AF7706177D}.Release|x64.ActiveCfg = Release|Any CPU
		{CB2E2395-F56D-4712-BF67-E4AF7706177D}.Release|x64.Build.0 = Release|Any CPU
		{CB2E2395-F56D-4712-BF67-E4AF7706177D}.Release|x86.ActiveCfg = Release|Any CPU
		{CB2E2395-F56D-4712-BF67-E4AF7706177D}.Release|x86.Build.0 = Release|Any CPU
		{1602606F-E956-4A8E-BB01-C4E9BB95E797}.Debug|Any CPU.ActiveCfg = Debug|Any CPU
		{1602606F-E956-4A8E-BB01-C4E9BB95E797}.Debug|Any CPU.Build.0 = Debug|Any CPU
		{1602606F-E956-4A8E-BB01-C4E9BB95E797}.Debug|x64.ActiveCfg = Debug|Any CPU
		{1602606F-E956-4A8E-BB01-C4E9BB95E797}.Debug|x64.Build.0 = Debug|Any CPU
		{1602606F-E956-4A8E-BB01-C4E9BB95E797}.Debug|x86.ActiveCfg = Debug|Any CPU
		{1602606F-E956-4A8E-BB01-C4E9BB95E797}.Debug|x86.Build.0 = Debug|Any CPU
		{1602606F-E956-4A8E-BB01-C4E9BB95E797}.Release|Any CPU.ActiveCfg = Release|Any CPU
		{1602606F-E956-4A8E-BB01-C4E9BB95E797}.Release|Any CPU.Build.0 = Release|Any CPU
		{1602606F-E956-4A8E-BB01-C4E9BB95E797}.Release|x64.ActiveCfg = Release|Any CPU
		{1602606F-E956-4A8E-BB01-C4E9BB95E797}.Release|x64.Build.0 = Release|Any CPU
		{1602606F-E956-4A8E-BB01-C4E9BB95E797}.Release|x86.ActiveCfg = Release|Any CPU
		{1602606F-E956-4A8E-BB01-C4E9BB95E797}.Release|x86.Build.0 = Release|Any CPU
	EndGlobalSection
	GlobalSection(SolutionProperties) = preSolution
		HideSolutionNode = FALSE
	EndGlobalSection
	GlobalSection(NestedProjects) = preSolution
		{09246DF9-09D0-46F1-834A-18E51D0183A8} = {827E0CD3-B72D-47B6-A68D-7590B98EB39B}
		{A525A58F-BD5E-4F0C-8A07-6E1A825496C3} = {827E0CD3-B72D-47B6-A68D-7590B98EB39B}
		{046F76DA-3515-4E18-86A5-4ECCE1C3CC1F} = {827E0CD3-B72D-47B6-A68D-7590B98EB39B}
		{6E5B43B6-A010-460B-9866-F9338195ECD3} = {827E0CD3-B72D-47B6-A68D-7590B98EB39B}
		{DEDC5A42-EB99-4EE3-B2E7-2167D9A99A85} = {0AB3BF05-4346-4AA6-1389-037BE0695223}
		{CB2E2395-F56D-4712-BF67-E4AF7706177D} = {0AB3BF05-4346-4AA6-1389-037BE0695223}
		{1602606F-E956-4A8E-BB01-C4E9BB95E797} = {0AB3BF05-4346-4AA6-1389-037BE0695223}
	EndGlobalSection
EndGlobal
